
Microsoft Visual Studio Solution File, Format Version 12.00
# Visual Studio Version 17
VisualStudioVersion = 17.8.34525.116
MinimumVisualStudioVersion = 10.0.40219.1
Project("{FAE04EC0-301F-11D3-BF4B-00C04F79EFBC}") = "My1stPlatformGame", "My1stPlatformGame\My1stPlatformGame.csproj", "{0C6E4E72-BE4A-41EC-BCA0-84034860C0CF}"
EndProject
Global
	GlobalSection(SolutionConfigurationPlatforms) = preSolution
		Debug|Any CPU = Debug|Any CPU
		Release|Any CPU = Release|Any CPU
	EndGlobalSection
	GlobalSection(ProjectConfigurationPlatforms) = postSolution
		{0C6E4E72-BE4A-41EC-BCA0-84034860C0CF}.Debug|Any CPU.ActiveCfg = Debug|Any CPU
		{0C6E4E72-BE4A-41EC-BCA0-84034860C0CF}.Debug|Any CPU.Build.0 = Debug|Any CPU
		{0C6E4E72-BE4A-41EC-BCA0-84034860C0CF}.Release|Any CPU.ActiveCfg = Release|Any CPU
		{0C6E4E72-BE4A-41EC-BCA0-84034860C0CF}.Release|Any CPU.Build.0 = Release|Any CPU
	EndGlobalSection
	GlobalSection(SolutionProperties) = preSolution
		HideSolutionNode = FALSE
	EndGlobalSection
	GlobalSection(ExtensibilityGlobals) = postSolution
		SolutionGuid = {09492EF6-625B-4582-8F9D-9BE901E19F8D}
	EndGlobalSection
EndGlobal
